# This file is autogenerated, do not edit; changes may be undone by the next 'dep ensure'.


[[projects]]
  digest = "1:d04889482897652dedae6d8575b479c06fa3eb3c3abe248163b25d3df5fab43e"
  name = "github.com/antlr/antlr4"
  packages = ["runtime/Go/antlr"]
  pruneopts = "UT"
  revision = "be58ebffde8e29c154192c019608f0a5b8e6a064"
  version = "4.7.2"

[[projects]]
  digest = "1:ffe9824d294da03b391f44e1ae8281281b4afc1bdaa9588c9097785e3af10cec"
  name = "github.com/davecgh/go-spew"
  packages = ["spew"]
  pruneopts = "UT"
  revision = "8991bc29aa16c548c550c7ff78260e27b9ab7c73"
  version = "v1.1.1"

[[projects]]
  digest = "1:0028cb19b2e4c3112225cd871870f2d9cf49b9b4276531f03438a88e94be86fe"
  name = "github.com/pmezard/go-difflib"
  packages = ["difflib"]
  pruneopts = "UT"
  revision = "792786c7400a136282c1664665ae0a8db921c6c2"
  version = "v1.0.0"

[[projects]]
  digest = "1:ac83cf90d08b63ad5f7e020ef480d319ae890c208f8524622a2f3136e2686b02"
  name = "github.com/stretchr/objx"
  packages = ["."]
  pruneopts = "UT"
  revision = "477a77ecc69700c7cdeb1fa9e129548e1c1c393c"
  version = "v0.1.1"

[[projects]]
  digest = "1:79c7e1dc6789fc4329a52a4f502cb71fb5d44eccbc665f6f7907c8cc06e48441"
  name = "github.com/stretchr/testify"
  packages = [
    ".",
    "assert",
    "http",
    "mock",
  ]
  pruneopts = "UT"
  revision = "ffdc059bfe9ce6a4e144ba849dbedead332c6053"
  version = "v1.3.0"

[solve-meta]
  analyzer-name = "dep"
  analyzer-version = 1
  input-imports = [
    "github.com/antlr/antlr4/runtime/Go/antlr",
    "github.com/stretchr/testify",
  ]
  solver-name = "gps-cdcl"
  solver-version = 1
